
Microsoft Visual Studio Solution File, Format Version 12.00
# Visual Studio 2013
VisualStudioVersion = 12.0.31101.0
MinimumVisualStudioVersion = 10.0.40219.1
Project("{FAE04EC0-301F-11D3-BF4B-00C04F79EFBC}") = "web", "web\web.csproj", "{2C7B0ED1-CADA-437A-95A3-D092BB96A67A}"
EndProject
Project("{FAE04EC0-301F-11D3-BF4B-00C04F79EFBC}") = "WebUtil", "WebUtil\WebUtil.csproj", "{8A4E0F91-43FA-48F9-A3E6-BFB771530C4B}"
EndProject
Project("{FAE04EC0-301F-11D3-BF4B-00C04F79EFBC}") = "UnitTest", "UnitTest\UnitTest.csproj", "{E1617E05-61F5-4B3A-86F9-2B100BBE37F7}"
EndProject
Project("{FAE04EC0-301F-11D3-BF4B-00C04F79EFBC}") = "SystemUtil", "SystemUtil\SystemUtil.csproj", "{AD5E4432-2D4C-4519-B834-2B917686F98C}"
EndProject
Project("{FAE04EC0-301F-11D3-BF4B-00C04F79EFBC}") = "DataProvider", "DataProvider\DataProvider.csproj", "{F908EC89-0480-43C3-9830-0323158D8D20}"
EndProject
Project("{FAE04EC0-301F-11D3-BF4B-00C04F79EFBC}") = "BusinessLib", "BusinessLib\BusinessLib.csproj", "{9E9280A4-7B28-4130-B712-5030E54B5311}"
EndProject
Global
	GlobalSection(SolutionConfigurationPlatforms) = preSolution
		Debug|Any CPU = Debug|Any CPU
		Release|Any CPU = Release|Any CPU
	EndGlobalSection
	GlobalSection(ProjectConfigurationPlatforms) = postSolution
		{2C7B0ED1-CADA-437A-95A3-D092BB96A67A}.Debug|Any CPU.ActiveCfg = Debug|Any CPU
		{2C7B0ED1-CADA-437A-95A3-D092BB96A67A}.Debug|Any CPU.Build.0 = Debug|Any CPU
		{2C7B0ED1-CADA-437A-95A3-D092BB96A67A}.Release|Any CPU.ActiveCfg = Release|Any CPU
		{2C7B0ED1-CADA-437A-95A3-D092BB96A67A}.Release|Any CPU.Build.0 = Release|Any CPU
		{8A4E0F91-43FA-48F9-A3E6-BFB771530C4B}.Debug|Any CPU.ActiveCfg = Debug|Any CPU
		{8A4E0F91-43FA-48F9-A3E6-BFB771530C4B}.Debug|Any CPU.Build.0 = Debug|Any CPU
		{8A4E0F91-43FA-48F9-A3E6-BFB771530C4B}.Release|Any CPU.ActiveCfg = Release|Any CPU
		{8A4E0F91-43FA-48F9-A3E6-BFB771530C4B}.Release|Any CPU.Build.0 = Release|Any CPU
		{E1617E05-61F5-4B3A-86F9-2B100BBE37F7}.Debug|Any CPU.ActiveCfg = Debug|Any CPU
		{E1617E05-61F5-4B3A-86F9-2B100BBE37F7}.Debug|Any CPU.Build.0 = Debug|Any CPU
		{E1617E05-61F5-4B3A-86F9-2B100BBE37F7}.Release|Any CPU.ActiveCfg = Release|Any CPU
		{E1617E05-61F5-4B3A-86F9-2B100BBE37F7}.Release|Any CPU.Build.0 = Release|Any CPU
		{AD5E4432-2D4C-4519-B834-2B917686F98C}.Debug|Any CPU.ActiveCfg = Debug|Any CPU
		{AD5E4432-2D4C-4519-B834-2B917686F98C}.Debug|Any CPU.Build.0 = Debug|Any CPU
		{AD5E4432-2D4C-4519-B834-2B917686F98C}.Release|Any CPU.ActiveCfg = Release|Any CPU
		{AD5E4432-2D4C-4519-B834-2B917686F98C}.Release|Any CPU.Build.0 = Release|Any CPU
		{F908EC89-0480-43C3-9830-0323158D8D20}.Debug|Any CPU.ActiveCfg = Debug|Any CPU
		{F908EC89-0480-43C3-9830-0323158D8D20}.Debug|Any CPU.Build.0 = Debug|Any CPU
		{F908EC89-0480-43C3-9830-0323158D8D20}.Release|Any CPU.ActiveCfg = Release|Any CPU
		{F908EC89-0480-43C3-9830-0323158D8D20}.Release|Any CPU.Build.0 = Release|Any CPU
		{9E9280A4-7B28-4130-B712-5030E54B5311}.Debug|Any CPU.ActiveCfg = Debug|Any CPU
		{9E9280A4-7B28-4130-B712-5030E54B5311}.Debug|Any CPU.Build.0 = Debug|Any CPU
		{9E9280A4-7B28-4130-B712-5030E54B5311}.Release|Any CPU.ActiveCfg = Release|Any CPU
		{9E9280A4-7B28-4130-B712-5030E54B5311}.Release|Any CPU.Build.0 = Release|Any CPU
	EndGlobalSection
	GlobalSection(SolutionProperties) = preSolution
		HideSolutionNode = FALSE
	EndGlobalSection
EndGlobal
